<?xml version="1.0" encoding="utf-8"?>
<Project ToolsVersion="4.0" xmlns="http://schemas.microsoft.com/developer/msbuild/2003">
  <ItemGroup>
    <Filter Include="Source Files">
      <UniqueIdentifier>{4FC737F1-C7A5-4376-A066-2A32D752A2FF}</UniqueIdentifier>
      <Extensions>cpp;c;cc;cxx;c++;cppm;ixx;def;odl;idl;hpj;bat;asm;asmx</Extensions>
    </Filter>
    <Filter Include="Header Files">
      <UniqueIdentifier>{93995380-89BD-4b04-88EB-625FBE52EBFB}</UniqueIdentifier>
      <Extensions>h;hh;hpp;hxx;h++;hm;inl;inc;ipp;xsd</Extensions>
    </Filter>
    <Filter Include="Resource Files">
      <UniqueIdentifier>{67DA6AB6-F800-4c08-8B7A-83BB121AAD01}</UniqueIdentifier>
      <Extensions>rc;ico;cur;bmp;dlg;rc2;rct;bin;rgs;gif;jpg;jpeg;jpe;resx;tiff;tif;png;wav;mfcribbon-ms</Extensions>
    </Filter>
  </ItemGroup>
  <ItemGroup>
    <ClCompile Include="Main.cc">
      <Filter>Source Files</Filter>
    </ClCompile>
    <ClCompile Include="Player.cc">
      <Filter>Source Files</Filter>
    </ClCompile>
    <ClCompile Include="Projectile.cc">
      <Filter>Source Files</Filter>
    </ClCompile>
    <ClCompile Include="Game.cc">
      <Filter>Source Files</Filter>
    </ClCompile>
    <ClCompile Include="ProjectileManager.cc">
      <Filter>Source Files</Filter>
    </ClCompile>
    <ClCompile Include="Entity.cc">
      <Filter>Source Files</Filter>
    </ClCompile>
    <ClCompile Include="Asteroid.cc">
      <Filter>Source Files</Filter>
    </ClCompile>
    <ClCompile Include="AsteroidManager.cc">
      <Filter>Source Files</Filter>
    </ClCompile>
    <ClCompile Include="GreenShip.cc">
      <Filter>Source Files</Filter>
    </ClCompile>
    <ClCompile Include="EnemyManager.cc">
      <Filter>Source Files</Filter>
    </ClCompile>
    <ClCompile Include="DeathManager.cc">
      <Filter>Source Files</Filter>
    </ClCompile>
    <ClCompile Include="DeathAnim.cc">
      <Filter>Source Files</Filter>
    </ClCompile>
    <ClCompile Include="Enemy.cc">
      <Filter>Source Files</Filter>
    </ClCompile>
    <ClCompile Include="YellowShip.cc">
      <Filter>Source Files</Filter>
    </ClCompile>
    <ClCompile Include="PurpleShip.cc">
      <Filter>Source Files</Filter>
    </ClCompile>
    <ClCompile Include="WhiteShip.cc">
      <Filter>Source Files</Filter>
    </ClCompile>
  </ItemGroup>
  <ItemGroup>
    <ClInclude Include="Player.h">
      <Filter>Header Files</Filter>
    </ClInclude>
    <ClInclude Include="Projectile.h">
      <Filter>Header Files</Filter>
    </ClInclude>
    <ClInclude Include="Game.h">
      <Filter>Header Files</Filter>
    </ClInclude>
    <ClInclude Include="ProjectileManager.h">
      <Filter>Header Files</Filter>
    </ClInclude>
    <ClInclude Include="Entity.h">
      <Filter>Header Files</Filter>
    </ClInclude>
    <ClInclude Include="Asteroid.h">
      <Filter>Header Files</Filter>
    </ClInclude>
    <ClInclude Include="AsteroidManager.h">
      <Filter>Header Files</Filter>
    </ClInclude>
    <ClInclude Include="GreenShip.h">
      <Filter>Header Files</Filter>
    </ClInclude>
    <ClInclude Include="EnemyManager.h">
      <Filter>Header Files</Filter>
    </ClInclude>
    <ClInclude Include="DeathManager.h">
      <Filter>Header Files</Filter>
    </ClInclude>
    <ClInclude Include="DeathAnim.h">
      <Filter>Header Files</Filter>
    </ClInclude>
    <ClInclude Include="Enemy.h">
      <Filter>Header Files</Filter>
    </ClInclude>
    <ClInclude Include="YellowShip.h">
      <Filter>Header Files</Filter>
    </ClInclude>
    <ClInclude Include="PurpleShip.h">
      <Filter>Header Files</Filter>
    </ClInclude>
    <ClInclude Include="WhiteShip.h">
      <Filter>Header Files</Filter>
    </ClInclude>
  </ItemGroup>
  <ItemGroup>
    <Image Include="Assets\Player0.png">
      <Filter>Resource Files</Filter>
    </Image>
    <Image Include="Assets\Player1.png">
      <Filter>Resource Files</Filter>
    </Image>
    <Image Include="Assets\Player2.png">
      <Filter>Resource Files</Filter>
    </Image>
    <Image Include="Assets\ship.png">
      <Filter>Resource Files</Filter>
    </Image>
    <Image Include="Assets\ship_left.png">
      <Filter>Resource Files</Filter>
    </Image>
    <Image Include="Assets\ship_right.png">
      <Filter>Resource Files</Filter>
    </Image>
    <Image Include="Assets\Asteroid.png">
      <Filter>Resource Files</Filter>
    </Image>
    <Image Include="Assets\Background.png">
      <Filter>Resource Files</Filter>
    </Image>
    <Image Include="Assets\bonus_life.png">
      <Filter>Resource Files</Filter>
    </Image>
    <Image Include="Assets\bonus_shield.png">
      <Filter>Resource Files</Filter>
    </Image>
    <Image Include="Assets\boss.png">
      <Filter>Resource Files</Filter>
    </Image>
    <Image Include="Assets\boss2.png">
      <Filter>Resource Files</Filter>
    </Image>
    <Image Include="Assets\boss3.png">
      <Filter>Resource Files</Filter>
    </Image>
    <Image Include="Assets\boss4.png">
      <Filter>Resource Files</Filter>
    </Image>
    <Image Include="Assets\enemies.png">
      <Filter>Resource Files</Filter>
    </Image>
    <Image Include="Assets\enemies2.png">
      <Filter>Resource Files</Filter>
    </Image>
    <Image Include="Assets\enemies3.png">
      <Filter>Resource Files</Filter>
    </Image>
    <Image Include="Assets\enemies4.png">
      <Filter>Resource Files</Filter>
    </Image>
    <Image Include="Assets\explosion0.png">
      <Filter>Resource Files</Filter>
    </Image>
    <Image Include="Assets\explosion1.png">
      <Filter>Resource Files</Filter>
    </Image>
    <Image Include="Assets\explosion2.png">
      <Filter>Resource Files</Filter>
    </Image>
    <Image Include="Assets\explosion3.png">
      <Filter>Resource Files</Filter>
    </Image>
    <Image Include="Assets\laser_blue.png">
      <Filter>Resource Files</Filter>
    </Image>
    <Image Include="Assets\laser_red.png">
      <Filter>Resource Files</Filter>
    </Image>
    <Image Include="Assets\laser_yellow.png">
      <Filter>Resource Files</Filter>
    </Image>
    <Image Include="Assets\red_ship.png">
      <Filter>Resource Files</Filter>
    </Image>
    <Image Include="Assets\shield.png">
      <Filter>Resource Files</Filter>
    </Image>
    <Image Include="Assets\SmallAsteroid.png">
      <Filter>Resource Files</Filter>
    </Image>
  </ItemGroup>
  <ItemGroup>
    <Font Include="Assets\BrownieStencil.ttf" />
  </ItemGroup>
  <ItemGroup>
    <Media Include="Assets\explosion.mp3" />
    <Media Include="Assets\laser.mp3" />
  </ItemGroup>
</Project>